// !$*UTF8*$!
{
	archiveVersion = 1;
	classes = {
	};
	objectVersion = 55;
	objects = {

/* Begin PBXBuildFile section */
		3756FC702805D90000D9EBEA /* AppDelegate.swift in Sources */ = {isa = PBXBuildFile; fileRef = 3756FC6F2805D90000D9EBEA /* AppDelegate.swift */; };
		3756FC722805D90000D9EBEA /* SceneDelegate.swift in Sources */ = {isa = PBXBuildFile; fileRef = 3756FC712805D90000D9EBEA /* SceneDelegate.swift */; };
		3756FC742805D90000D9EBEA /* MainViewController.swift in Sources */ = {isa = PBXBuildFile; fileRef = 3756FC732805D90000D9EBEA /* MainViewController.swift */; };
		3756FC772805D90000D9EBEA /* Main.storyboard in Resources */ = {isa = PBXBuildFile; fileRef = 3756FC752805D90000D9EBEA /* Main.storyboard */; };
		3756FC792805D90300D9EBEA /* Assets.xcassets in Resources */ = {isa = PBXBuildFile; fileRef = 3756FC782805D90300D9EBEA /* Assets.xcassets */; };
		3756FC7C2805D90300D9EBEA /* LaunchScreen.storyboard in Resources */ = {isa = PBXBuildFile; fileRef = 3756FC7A2805D90300D9EBEA /* LaunchScreen.storyboard */; };
		3756FC842805DD7D00D9EBEA /* GameViewController.swift in Sources */ = {isa = PBXBuildFile; fileRef = 3756FC832805DD7D00D9EBEA /* GameViewController.swift */; };
		3756FC862805DF5100D9EBEA /* Game.swift in Sources */ = {isa = PBXBuildFile; fileRef = 3756FC852805DF5100D9EBEA /* Game.swift */; };
		3756FC882805DF6300D9EBEA /* GameSession.swift in Sources */ = {isa = PBXBuildFile; fileRef = 3756FC872805DF6300D9EBEA /* GameSession.swift */; };
		3756FC8A2805E23300D9EBEA /* Question.swift in Sources */ = {isa = PBXBuildFile; fileRef = 3756FC892805E23300D9EBEA /* Question.swift */; };
		37E1A28A281450C20087C659 /* DataOfQuestions.swift in Sources */ = {isa = PBXBuildFile; fileRef = 37E1A289281450C20087C659 /* DataOfQuestions.swift */; };
		37E23052280AF23C00152D82 /* RecordsViewController.swift in Sources */ = {isa = PBXBuildFile; fileRef = 37E23051280AF23C00152D82 /* RecordsViewController.swift */; };
		37E23054280AF96300152D82 /* RecordCaretaker.swift in Sources */ = {isa = PBXBuildFile; fileRef = 37E23053280AF96300152D82 /* RecordCaretaker.swift */; };
		37EBABBD281BFE070011CA92 /* SettingViewController.swift in Sources */ = {isa = PBXBuildFile; fileRef = 37EBABBC281BFE070011CA92 /* SettingViewController.swift */; };
		37EBABBF281C02350011CA92 /* AddQuestionViewController.swift in Sources */ = {isa = PBXBuildFile; fileRef = 37EBABBE281C02350011CA92 /* AddQuestionViewController.swift */; };
		37EBABC1281C28050011CA92 /* QuestionCaretaker.swift in Sources */ = {isa = PBXBuildFile; fileRef = 37EBABC0281C28050011CA92 /* QuestionCaretaker.swift */; };
		37EBABC3281C3C450011CA92 /* Observer.swift in Sources */ = {isa = PBXBuildFile; fileRef = 37EBABC2281C3C450011CA92 /* Observer.swift */; };
		37EBABC5281C48930011CA92 /* RandomCaretaker.swift in Sources */ = {isa = PBXBuildFile; fileRef = 37EBABC4281C48930011CA92 /* RandomCaretaker.swift */; };
/* End PBXBuildFile section */

/* Begin PBXFileReference section */
		3756FC6C2805D90000D9EBEA /* Millionaire.app */ = {isa = PBXFileReference; explicitFileType = wrapper.application; includeInIndex = 0; path = Millionaire.app; sourceTree = BUILT_PRODUCTS_DIR; };
		3756FC6F2805D90000D9EBEA /* AppDelegate.swift */ = {isa = PBXFileReference; lastKnownFileType = sourcecode.swift; path = AppDelegate.swift; sourceTree = "<group>"; };
		3756FC712805D90000D9EBEA /* SceneDelegate.swift */ = {isa = PBXFileReference; lastKnownFileType = sourcecode.swift; path = SceneDelegate.swift; sourceTree = "<group>"; };
		3756FC732805D90000D9EBEA /* MainViewController.swift */ = {isa = PBXFileReference; lastKnownFileType = sourcecode.swift; path = MainViewController.swift; sourceTree = "<group>"; };
		3756FC762805D90000D9EBEA /* Base */ = {isa = PBXFileReference; lastKnownFileType = file.storyboard; name = Base; path = Base.lproj/Main.storyboard; sourceTree = "<group>"; };
		3756FC782805D90300D9EBEA /* Assets.xcassets */ = {isa = PBXFileReference; lastKnownFileType = folder.assetcatalog; path = Assets.xcassets; sourceTree = "<group>"; };
		3756FC7B2805D90300D9EBEA /* Base */ = {isa = PBXFileReference; lastKnownFileType = file.storyboard; name = Base; path = Base.lproj/LaunchScreen.storyboard; sourceTree = "<group>"; };
		3756FC7D2805D90300D9EBEA /* Info.plist */ = {isa = PBXFileReference; lastKnownFileType = text.plist.xml; path = Info.plist; sourceTree = "<group>"; };
		3756FC832805DD7D00D9EBEA /* GameViewController.swift */ = {isa = PBXFileReference; lastKnownFileType = sourcecode.swift; path = GameViewController.swift; sourceTree = "<group>"; };
		3756FC852805DF5100D9EBEA /* Game.swift */ = {isa = PBXFileReference; lastKnownFileType = sourcecode.swift; path = Game.swift; sourceTree = "<group>"; };
		3756FC872805DF6300D9EBEA /* GameSession.swift */ = {isa = PBXFileReference; lastKnownFileType = sourcecode.swift; path = GameSession.swift; sourceTree = "<group>"; };
		3756FC892805E23300D9EBEA /* Question.swift */ = {isa = PBXFileReference; lastKnownFileType = sourcecode.swift; path = Question.swift; sourceTree = "<group>"; };
		37E1A289281450C20087C659 /* DataOfQuestions.swift */ = {isa = PBXFileReference; lastKnownFileType = sourcecode.swift; path = DataOfQuestions.swift; sourceTree = "<group>"; };
		37E23051280AF23C00152D82 /* RecordsViewController.swift */ = {isa = PBXFileReference; lastKnownFileType = sourcecode.swift; path = RecordsViewController.swift; sourceTree = "<group>"; };
		37E23053280AF96300152D82 /* RecordCaretaker.swift */ = {isa = PBXFileReference; lastKnownFileType = sourcecode.swift; path = RecordCaretaker.swift; sourceTree = "<group>"; };
		37EBABBC281BFE070011CA92 /* SettingViewController.swift */ = {isa = PBXFileReference; lastKnownFileType = sourcecode.swift; path = SettingViewController.swift; sourceTree = "<group>"; };
		37EBABBE281C02350011CA92 /* AddQuestionViewController.swift */ = {isa = PBXFileReference; lastKnownFileType = sourcecode.swift; path = AddQuestionViewController.swift; sourceTree = "<group>"; };
		37EBABC0281C28050011CA92 /* QuestionCaretaker.swift */ = {isa = PBXFileReference; lastKnownFileType = sourcecode.swift; path = QuestionCaretaker.swift; sourceTree = "<group>"; };
		37EBABC2281C3C450011CA92 /* Observer.swift */ = {isa = PBXFileReference; lastKnownFileType = sourcecode.swift; path = Observer.swift; sourceTree = "<group>"; };
		37EBABC4281C48930011CA92 /* RandomCaretaker.swift */ = {isa = PBXFileReference; lastKnownFileType = sourcecode.swift; path = RandomCaretaker.swift; sourceTree = "<group>"; };
/* End PBXFileReference section */

/* Begin PBXFrameworksBuildPhase section */
		3756FC692805D90000D9EBEA /* Frameworks */ = {
			isa = PBXFrameworksBuildPhase;
			buildActionMask = 2147483647;
			files = (
			);
			runOnlyForDeploymentPostprocessing = 0;
		};
/* End PBXFrameworksBuildPhase section */

/* Begin PBXGroup section */
		3710C8132818403C0042F7E4 /* Game */ = {
			isa = PBXGroup;
			children = (
				3756FC852805DF5100D9EBEA /* Game.swift */,
				3756FC872805DF6300D9EBEA /* GameSession.swift */,
				3756FC832805DD7D00D9EBEA /* GameViewController.swift */,
			);
			path = Game;
			sourceTree = "<group>";
		};
		3710C814281840520042F7E4 /* Records */ = {
			isa = PBXGroup;
			children = (
				37E23053280AF96300152D82 /* RecordCaretaker.swift */,
				37E23051280AF23C00152D82 /* RecordsViewController.swift */,
			);
			path = Records;
			sourceTree = "<group>";
		};
		3710C815281840650042F7E4 /* Questions */ = {
			isa = PBXGroup;
			children = (
				37E1A289281450C20087C659 /* DataOfQuestions.swift */,
				3756FC892805E23300D9EBEA /* Question.swift */,
				37EBABC0281C28050011CA92 /* QuestionCaretaker.swift */,
			);
			path = Questions;
			sourceTree = "<group>";
		};
		3756FC632805D90000D9EBEA = {
			isa = PBXGroup;
			children = (
				3756FC6E2805D90000D9EBEA /* Millionaire */,
				3756FC6D2805D90000D9EBEA /* Products */,
			);
			sourceTree = "<group>";
		};
		3756FC6D2805D90000D9EBEA /* Products */ = {
			isa = PBXGroup;
			children = (
				3756FC6C2805D90000D9EBEA /* Millionaire.app */,
			);
			name = Products;
			sourceTree = "<group>";
		};
		3756FC6E2805D90000D9EBEA /* Millionaire */ = {
			isa = PBXGroup;
			children = (
				3756FC732805D90000D9EBEA /* MainViewController.swift */,
				3710C815281840650042F7E4 /* Questions */,
				3710C814281840520042F7E4 /* Records */,
				3710C8132818403C0042F7E4 /* Game */,
				3756FC6F2805D90000D9EBEA /* AppDelegate.swift */,
				3756FC712805D90000D9EBEA /* SceneDelegate.swift */,
				3756FC752805D90000D9EBEA /* Main.storyboard */,
				3756FC782805D90300D9EBEA /* Assets.xcassets */,
				3756FC7A2805D90300D9EBEA /* LaunchScreen.storyboard */,
				3756FC7D2805D90300D9EBEA /* Info.plist */,
				37EBABBC281BFE070011CA92 /* SettingViewController.swift */,
				37EBABBE281C02350011CA92 /* AddQuestionViewController.swift */,
				37EBABC2281C3C450011CA92 /* Observer.swift */,
				37EBABC4281C48930011CA92 /* RandomCaretaker.swift */,
			);
			path = Millionaire;
			sourceTree = "<group>";
		};
/* End PBXGroup section */

/* Begin PBXNativeTarget section */
		3756FC6B2805D90000D9EBEA /* Millionaire */ = {
			isa = PBXNativeTarget;
			buildConfigurationList = 3756FC802805D90300D9EBEA /* Build configuration list for PBXNativeTarget "Millionaire" */;
			buildPhases = (
				3756FC682805D90000D9EBEA /* Sources */,
				3756FC692805D90000D9EBEA /* Frameworks */,
				3756FC6A2805D90000D9EBEA /* Resources */,
			);
			buildRules = (
			);
			dependencies = (
			);
			name = Millionaire;
			productName = Millionaire;
			productReference = 3756FC6C2805D90000D9EBEA /* Millionaire.app */;
			productType = "com.apple.product-type.application";
		};
/* End PBXNativeTarget section */

/* Begin PBXProject section */
		3756FC642805D90000D9EBEA /* Project object */ = {
			isa = PBXProject;
			attributes = {
				BuildIndependentTargetsInParallel = 1;
				LastSwiftUpdateCheck = 1330;
				LastUpgradeCheck = 1330;
				TargetAttributes = {
					3756FC6B2805D90000D9EBEA = {
						CreatedOnToolsVersion = 13.3.1;
					};
				};
			};
			buildConfigurationList = 3756FC672805D90000D9EBEA /* Build configuration list for PBXProject "Millionaire" */;
			compatibilityVersion = "Xcode 13.0";
			developmentRegion = en;
			hasScannedForEncodings = 0;
			knownRegions = (
				en,
				Base,
			);
			mainGroup = 3756FC632805D90000D9EBEA;
			productRefGroup = 3756FC6D2805D90000D9EBEA /* Products */;
			projectDirPath = "";
			projectRoot = "";
			targets = (
				3756FC6B2805D90000D9EBEA /* Millionaire */,
			);
		};
/* End PBXProject section */

/* Begin PBXResourcesBuildPhase section */
		3756FC6A2805D90000D9EBEA /* Resources */ = {
			isa = PBXResourcesBuildPhase;
			buildActionMask = 2147483647;
			files = (
				3756FC7C2805D90300D9EBEA /* LaunchScreen.storyboard in Resources */,
				3756FC792805D90300D9EBEA /* Assets.xcassets in Resources */,
				3756FC772805D90000D9EBEA /* Main.storyboard in Resources */,
			);
			runOnlyForDeploymentPostprocessing = 0;
		};
/* End PBXResourcesBuildPhase section */

/* Begin PBXSourcesBuildPhase section */
		3756FC682805D90000D9EBEA /* Sources */ = {
			isa = PBXSourcesBuildPhase;
			buildActionMask = 2147483647;
			files = (
				3756FC842805DD7D00D9EBEA /* GameViewController.swift in Sources */,
				37EBABC1281C28050011CA92 /* QuestionCaretaker.swift in Sources */,
				37EBABBD281BFE070011CA92 /* SettingViewController.swift in Sources */,
				37EBABBF281C02350011CA92 /* AddQuestionViewController.swift in Sources */,
				3756FC862805DF5100D9EBEA /* Game.swift in Sources */,
				37EBABC3281C3C450011CA92 /* Observer.swift in Sources */,
				37EBABC5281C48930011CA92 /* RandomCaretaker.swift in Sources */,
				37E23052280AF23C00152D82 /* RecordsViewController.swift in Sources */,
				3756FC742805D90000D9EBEA /* MainViewController.swift in Sources */,
				3756FC702805D90000D9EBEA /* AppDelegate.swift in Sources */,
				37E23054280AF96300152D82 /* RecordCaretaker.swift in Sources */,
				3756FC882805DF6300D9EBEA /* GameSession.swift in Sources */,
				3756FC8A2805E23300D9EBEA /* Question.swift in Sources */,
				37E1A28A281450C20087C659 /* DataOfQuestions.swift in Sources */,
				3756FC722805D90000D9EBEA /* SceneDelegate.swift in Sources */,
			);
			runOnlyForDeploymentPostprocessing = 0;
		};
/* End PBXSourcesBuildPhase section */

/* Begin PBXVariantGroup section */
		3756FC752805D90000D9EBEA /* Main.storyboard */ = {
			isa = PBXVariantGroup;
			children = (
				3756FC762805D90000D9EBEA /* Base */,
			);
			name = Main.storyboard;
			sourceTree = "<group>";
		};
		3756FC7A2805D90300D9EBEA /* LaunchScreen.storyboard */ = {
			isa = PBXVariantGroup;
			children = (
				3756FC7B2805D90300D9EBEA /* Base */,
			);
			name = LaunchScreen.storyboard;
			sourceTree = "<group>";
		};
/* End PBXVariantGroup section */

/* Begin XCBuildConfiguration section */
		3756FC7E2805D90300D9EBEA /* Debug */ = {
			isa = XCBuildConfiguration;
			buildSettings = {
				ALWAYS_SEARCH_USER_PATHS = NO;
				CLANG_ANALYZER_NONNULL = YES;
				CLANG_ANALYZER_NUMBER_OBJECT_CONVERSION = YES_AGGRESSIVE;
				CLANG_CXX_LANGUAGE_STANDARD = "gnu++17";
				CLANG_ENABLE_MODULES = YES;
				CLANG_ENABLE_OBJC_ARC = YES;
				CLANG_ENABLE_OBJC_WEAK = YES;
				CLANG_WARN_BLOCK_CAPTURE_AUTORELEASING = YES;
				CLANG_WARN_BOOL_CONVERSION = YES;
				CLANG_WARN_COMMA = YES;
				CLANG_WARN_CONSTANT_CONVERSION = YES;
				CLANG_WARN_DEPRECATED_OBJC_IMPLEMENTATIONS = YES;
				CLANG_WARN_DIRECT_OBJC_ISA_USAGE = YES_ERROR;
				CLANG_WARN_DOCUMENTATION_COMMENTS = YES;
				CLANG_WARN_EMPTY_BODY = YES;
				CLANG_WARN_ENUM_CONVERSION = YES;
				CLANG_WARN_INFINITE_RECURSION = YES;
				CLANG_WARN_INT_CONVERSION = YES;
				CLANG_WARN_NON_LITERAL_NULL_CONVERSION = YES;
				CLANG_WARN_OBJC_IMPLICIT_RETAIN_SELF = YES;
				CLANG_WARN_OBJC_LITERAL_CONVERSION = YES;
				CLANG_WARN_OBJC_ROOT_CLASS = YES_ERROR;
				CLANG_WARN_QUOTED_INCLUDE_IN_FRAMEWORK_HEADER = YES;
				CLANG_WARN_RANGE_LOOP_ANALYSIS = YES;
				CLANG_WARN_STRICT_PROTOTYPES = YES;
				CLANG_WARN_SUSPICIOUS_MOVE = YES;
				CLANG_WARN_UNGUARDED_AVAILABILITY = YES_AGGRESSIVE;
				CLANG_WARN_UNREACHABLE_CODE = YES;
				CLANG_WARN__DUPLICATE_METHOD_MATCH = YES;
				COPY_PHASE_STRIP = NO;
				DEBUG_INFORMATION_FORMAT = dwarf;
				ENABLE_STRICT_OBJC_MSGSEND = YES;
				ENABLE_TESTABILITY = YES;
				GCC_C_LANGUAGE_STANDARD = gnu11;
				GCC_DYNAMIC_NO_PIC = NO;
				GCC_NO_COMMON_BLOCKS = YES;
				GCC_OPTIMIZATION_LEVEL = 0;
				GCC_PREPROCESSOR_DEFINITIONS = (
					"DEBUG=1",
					"$(inherited)",
				);
				GCC_WARN_64_TO_32_BIT_CONVERSION = YES;
				GCC_WARN_ABOUT_RETURN_TYPE = YES_ERROR;
				GCC_WARN_UNDECLARED_SELECTOR = YES;
				GCC_WARN_UNINITIALIZED_AUTOS = YES_AGGRESSIVE;
				GCC_WARN_UNUSED_FUNCTION = YES;
				GCC_WARN_UNUSED_VARIABLE = YES;
				IPHONEOS_DEPLOYMENT_TARGET = 15.4;
				MTL_ENABLE_DEBUG_INFO = INCLUDE_SOURCE;
				MTL_FAST_MATH = YES;
				ONLY_ACTIVE_ARCH = YES;
				SDKROOT = iphoneos;
				SWIFT_ACTIVE_COMPILATION_CONDITIONS = DEBUG;
				SWIFT_OPTIMIZATION_LEVEL = "-Onone";
			};
			name = Debug;
		};
		3756FC7F2805D90300D9EBEA /* Release */ = {
			isa = XCBuildConfiguration;
			buildSettings = {
				ALWAYS_SEARCH_USER_PATHS = NO;
				CLANG_ANALYZER_NONNULL = YES;
				CLANG_ANALYZER_NUMBER_OBJECT_CONVERSION = YES_AGGRESSIVE;
				CLANG_CXX_LANGUAGE_STANDARD = "gnu++17";
				CLANG_ENABLE_MODULES = YES;
				CLANG_ENABLE_OBJC_ARC = YES;
				CLANG_ENABLE_OBJC_WEAK = YES;
				CLANG_WARN_BLOCK_CAPTURE_AUTORELEASING = YES;
				CLANG_WARN_BOOL_CONVERSION = YES;
				CLANG_WARN_COMMA = YES;
				CLANG_WARN_CONSTANT_CONVERSION = YES;
				CLANG_WARN_DEPRECATED_OBJC_IMPLEMENTATIONS = YES;
				CLANG_WARN_DIRECT_OBJC_ISA_USAGE = YES_ERROR;
				CLANG_WARN_DOCUMENTATION_COMMENTS = YES;
				CLANG_WARN_EMPTY_BODY = YES;
				CLANG_WARN_ENUM_CONVERSION = YES;
				CLANG_WARN_INFINITE_RECURSION = YES;
				CLANG_WARN_INT_CONVERSION = YES;
				CLANG_WARN_NON_LITERAL_NULL_CONVERSION = YES;
				CLANG_WARN_OBJC_IMPLICIT_RETAIN_SELF = YES;
				CLANG_WARN_OBJC_LITERAL_CONVERSION = YES;
				CLANG_WARN_OBJC_ROOT_CLASS = YES_ERROR;
				CLANG_WARN_QUOTED_INCLUDE_IN_FRAMEWORK_HEADER = YES;
				CLANG_WARN_RANGE_LOOP_ANALYSIS = YES;
				CLANG_WARN_STRICT_PROTOTYPES = YES;
				CLANG_WARN_SUSPICIOUS_MOVE = YES;
				CLANG_WARN_UNGUARDED_AVAILABILITY = YES_AGGRESSIVE;
				CLANG_WARN_UNREACHABLE_CODE = YES;
				CLANG_WARN__DUPLICATE_METHOD_MATCH = YES;
				COPY_PHASE_STRIP = NO;
				DEBUG_INFORMATION_FORMAT = "dwarf-with-dsym";
				ENABLE_NS_ASSERTIONS = NO;
				ENABLE_STRICT_OBJC_MSGSEND = YES;
				GCC_C_LANGUAGE_STANDARD = gnu11;
				GCC_NO_COMMON_BLOCKS = YES;
				GCC_WARN_64_TO_32_BIT_CONVERSION = YES;
				GCC_WARN_ABOUT_RETURN_TYPE = YES_ERROR;
				GCC_WARN_UNDECLARED_SELECTOR = YES;
				GCC_WARN_UNINITIALIZED_AUTOS = YES_AGGRESSIVE;
				GCC_WARN_UNUSED_FUNCTION = YES;
				GCC_WARN_UNUSED_VARIABLE = YES;
				IPHONEOS_DEPLOYMENT_TARGET = 15.4;
				MTL_ENABLE_DEBUG_INFO = NO;
				MTL_FAST_MATH = YES;
				SDKROOT = iphoneos;
				SWIFT_COMPILATION_MODE = wholemodule;
				SWIFT_OPTIMIZATION_LEVEL = "-O";
				VALIDATE_PRODUCT = YES;
			};
			name = Release;
		};
		3756FC812805D90300D9EBEA /* Debug */ = {
			isa = XCBuildConfiguration;
			buildSettings = {
				ASSETCATALOG_COMPILER_APPICON_NAME = AppIcon;
				ASSETCATALOG_COMPILER_GLOBAL_ACCENT_COLOR_NAME = AccentColor;
				CODE_SIGN_STYLE = Automatic;
				CURRENT_PROJECT_VERSION = 1;
				DEVELOPMENT_TEAM = X8852RDP32;
				GENERATE_INFOPLIST_FILE = YES;
				INFOPLIST_FILE = Millionaire/Info.plist;
				INFOPLIST_KEY_UIApplicationSupportsIndirectInputEvents = YES;
				INFOPLIST_KEY_UILaunchStoryboardName = LaunchScreen;
				INFOPLIST_KEY_UIMainStoryboardFile = Main;
				INFOPLIST_KEY_UISupportedInterfaceOrientations = UIInterfaceOrientationPortrait;
				INFOPLIST_KEY_UISupportedInterfaceOrientations_iPad = "UIInterfaceOrientationPortrait UIInterfaceOrientationPortraitUpsideDown UIInterfaceOrientationLandscapeLeft UIInterfaceOrientationLandscapeRight";
				INFOPLIST_KEY_UISupportedInterfaceOrientations_iPhone = "UIInterfaceOrientationPortrait UIInterfaceOrientationLandscapeLeft UIInterfaceOrientationLandscapeRight";
				IPHONEOS_DEPLOYMENT_TARGET = 15.2;
				LD_RUNPATH_SEARCH_PATHS = (
					"$(inherited)",
					"@executable_path/Frameworks",
				);
				MARKETING_VERSION = 1.0;
				PRODUCT_BUNDLE_IDENTIFIER = ru.superstarper.Millionaire;
				PRODUCT_NAME = "$(TARGET_NAME)";
				SWIFT_EMIT_LOC_STRINGS = YES;
				SWIFT_VERSION = 5.0;
				TARGETED_DEVICE_FAMILY = 1;
			};
			name = Debug;
		};
		3756FC822805D90300D9EBEA /* Release */ = {
			isa = XCBuildConfiguration;
			buildSettings = {
				ASSETCATALOG_COMPILER_APPICON_NAME = AppIcon;
				ASSETCATALOG_COMPILER_GLOBAL_ACCENT_COLOR_NAME = AccentColor;
				CODE_SIGN_STYLE = Automatic;
				CURRENT_PROJECT_VERSION = 1;
				DEVELOPMENT_TEAM = X8852RDP32;
				GENERATE_INFOPLIST_FILE = YES;
				INFOPLIST_FILE = Millionaire/Info.plist;
				INFOPLIST_KEY_UIApplicationSupportsIndirectInputEvents = YES;
				INFOPLIST_KEY_UILaunchStoryboardName = LaunchScreen;
				INFOPLIST_KEY_UIMainStoryboardFile = Main;
				INFOPLIST_KEY_UISupportedInterfaceOrientations = UIInterfaceOrientationPortrait;
				INFOPLIST_KEY_UISupportedInterfaceOrientations_iPad = "UIInterfaceOrientationPortrait UIInterfaceOrientationPortraitUpsideDown UIInterfaceOrientationLandscapeLeft UIInterfaceOrientationLandscapeRight";
				INFOPLIST_KEY_UISupportedInterfaceOrientations_iPhone = "UIInterfaceOrientationPortrait UIInterfaceOrientationLandscapeLeft UIInterfaceOrientationLandscapeRight";
				IPHONEOS_DEPLOYMENT_TARGET = 15.2;
				LD_RUNPATH_SEARCH_PATHS = (
					"$(inherited)",
					"@executable_path/Frameworks",
				);
				MARKETING_VERSION = 1.0;
				PRODUCT_BUNDLE_IDENTIFIER = ru.superstarper.Millionaire;
				PRODUCT_NAME = "$(TARGET_NAME)";
				SWIFT_EMIT_LOC_STRINGS = YES;
				SWIFT_VERSION = 5.0;
				TARGETED_DEVICE_FAMILY = 1;
			};
			name = Release;
		};
/* End XCBuildConfiguration section */

/* Begin XCConfigurationList section */
		3756FC672805D90000D9EBEA /* Build configuration list for PBXProject "Millionaire" */ = {
			isa = XCConfigurationList;
			buildConfigurations = (
				3756FC7E2805D90300D9EBEA /* Debug */,
				3756FC7F2805D90300D9EBEA /* Release */,
			);
			defaultConfigurationIsVisible = 0;
			defaultConfigurationName = Release;
		};
		3756FC802805D90300D9EBEA /* Build configuration list for PBXNativeTarget "Millionaire" */ = {
			isa = XCConfigurationList;
			buildConfigurations = (
				3756FC812805D90300D9EBEA /* Debug */,
				3756FC822805D90300D9EBEA /* Release */,
			);
			defaultConfigurationIsVisible = 0;
			defaultConfigurationName = Release;
		};
/* End XCConfigurationList section */
	};
	rootObject = 3756FC642805D90000D9EBEA /* Project object */;
}
